
Microsoft Visual Studio Solution File, Format Version 12.00
# Visual Studio Version 17
VisualStudioVersion = 17.0.31903.59
MinimumVisualStudioVersion = 10.0.40219.1
Project("{FAE04EC0-301F-11D3-BF4B-00C04F79EFBC}") = "SprayPatternGeneratorBlazor", "SprayPatternGeneratorBlazor.csproj", "{DE759D86-86FC-43F8-990A-169E2581D578}"
EndProject
Global
	GlobalSection(SolutionConfigurationPlatforms) = preSolution
		Debug|Any CPU = Debug|Any CPU
		Release|Any CPU = Release|Any CPU
	EndGlobalSection
	GlobalSection(ProjectConfigurationPlatforms) = postSolution
		{DE759D86-86FC-43F8-990A-169E2581D578}.Debug|Any CPU.ActiveCfg = Debug|Any CPU
		{DE759D86-86FC-43F8-990A-169E2581D578}.Debug|Any CPU.Build.0 = Debug|Any CPU
		{DE759D86-86FC-43F8-990A-169E2581D578}.Release|Any CPU.ActiveCfg = Release|Any CPU
		{DE759D86-86FC-43F8-990A-169E2581D578}.Release|Any CPU.Build.0 = Release|Any CPU
	EndGlobalSection
	GlobalSection(SolutionProperties) = preSolution
		HideSolutionNode = FALSE
	EndGlobalSection
	GlobalSection(ExtensibilityGlobals) = postSolution
		SolutionGuid = {67C25D9C-6721-42FB-A515-18B804B17D6C}
	EndGlobalSection
EndGlobal
